
Microsoft Visual Studio Solution File, Format Version 12.00
# Visual Studio Version 16
VisualStudioVersion = 16.0.31402.337
MinimumVisualStudioVersion = 10.0.40219.1
Project("{FAE04EC0-301F-11D3-BF4B-00C04F79EFBC}") = "Learing-1", "Learing-1\Learing-1.csproj", "{DE5EEB20-2335-4FD8-9F47-74ADCEAC0BA0}"
EndProject
Global
	GlobalSection(SolutionConfigurationPlatforms) = preSolution
		Debug|Any CPU = Debug|Any CPU
		Release|Any CPU = Release|Any CPU
	EndGlobalSection
	GlobalSection(ProjectConfigurationPlatforms) = postSolution
		{DE5EEB20-2335-4FD8-9F47-74ADCEAC0BA0}.Debug|Any CPU.ActiveCfg = Debug|Any CPU
		{DE5EEB20-2335-4FD8-9F47-74ADCEAC0BA0}.Debug|Any CPU.Build.0 = Debug|Any CPU
		{DE5EEB20-2335-4FD8-9F47-74ADCEAC0BA0}.Release|Any CPU.ActiveCfg = Release|Any CPU
		{DE5EEB20-2335-4FD8-9F47-74ADCEAC0BA0}.Release|Any CPU.Build.0 = Release|Any CPU
	EndGlobalSection
	GlobalSection(SolutionProperties) = preSolution
		HideSolutionNode = FALSE
	EndGlobalSection
	GlobalSection(ExtensibilityGlobals) = postSolution
		SolutionGuid = {4747A327-9938-47AE-B9B7-E9BEA35E7E58}
	EndGlobalSection
EndGlobal
